
Microsoft Visual Studio Solution File, Format Version 12.00
# Visual Studio Version 16
VisualStudioVersion = 16.0.32901.82
MinimumVisualStudioVersion = 10.0.40219.1
Project("{FAE04EC0-301F-11D3-BF4B-00C04F79EFBC}") = "PictureBOX", "PictureBOX\PictureBOX.csproj", "{BCA0E06F-0D52-4DDA-A7B1-0350CB9886CB}"
EndProject
Global
	GlobalSection(SolutionConfigurationPlatforms) = preSolution
		Debug|Any CPU = Debug|Any CPU
		Release|Any CPU = Release|Any CPU
	EndGlobalSection
	GlobalSection(ProjectConfigurationPlatforms) = postSolution
		{BCA0E06F-0D52-4DDA-A7B1-0350CB9886CB}.Debug|Any CPU.ActiveCfg = Debug|Any CPU
		{BCA0E06F-0D52-4DDA-A7B1-0350CB9886CB}.Debug|Any CPU.Build.0 = Debug|Any CPU
		{BCA0E06F-0D52-4DDA-A7B1-0350CB9886CB}.Release|Any CPU.ActiveCfg = Release|Any CPU
		{BCA0E06F-0D52-4DDA-A7B1-0350CB9886CB}.Release|Any CPU.Build.0 = Release|Any CPU
	EndGlobalSection
	GlobalSection(SolutionProperties) = preSolution
		HideSolutionNode = FALSE
	EndGlobalSection
	GlobalSection(ExtensibilityGlobals) = postSolution
		SolutionGuid = {0DB1D5A4-712B-423E-8254-C22A2B885F94}
	EndGlobalSection
EndGlobal
