
Microsoft Visual Studio Solution File, Format Version 12.00
# Visual Studio Version 16
VisualStudioVersion = 16.0.32901.82
MinimumVisualStudioVersion = 10.0.40219.1
Project("{FAE04EC0-301F-11D3-BF4B-00C04F79EFBC}") = "ConnectDBtoVS", "ConnectDBtoVS\ConnectDBtoVS.csproj", "{E25DA648-6916-49E8-A25E-E8137CF1A20B}"
EndProject
Global
	GlobalSection(SolutionConfigurationPlatforms) = preSolution
		Debug|Any CPU = Debug|Any CPU
		Release|Any CPU = Release|Any CPU
	EndGlobalSection
	GlobalSection(ProjectConfigurationPlatforms) = postSolution
		{E25DA648-6916-49E8-A25E-E8137CF1A20B}.Debug|Any CPU.ActiveCfg = Debug|Any CPU
		{E25DA648-6916-49E8-A25E-E8137CF1A20B}.Debug|Any CPU.Build.0 = Debug|Any CPU
		{E25DA648-6916-49E8-A25E-E8137CF1A20B}.Release|Any CPU.ActiveCfg = Release|Any CPU
		{E25DA648-6916-49E8-A25E-E8137CF1A20B}.Release|Any CPU.Build.0 = Release|Any CPU
	EndGlobalSection
	GlobalSection(SolutionProperties) = preSolution
		HideSolutionNode = FALSE
	EndGlobalSection
	GlobalSection(ExtensibilityGlobals) = postSolution
		SolutionGuid = {25C3FD80-06BD-4C2C-A9CD-37A53E2EB059}
	EndGlobalSection
EndGlobal
